
Microsoft Visual Studio Solution File, Format Version 12.00
# Visual Studio Version 16
VisualStudioVersion = 16.0.31613.86
MinimumVisualStudioVersion = 10.0.40219.1
Project("{FAE04EC0-301F-11D3-BF4B-00C04F79EFBC}") = "HomeWork3", "HomeWork3\HomeWork3.csproj", "{B4BC1BCA-33E7-433B-8D2A-D53D48220258}"
EndProject
Global
	GlobalSection(SolutionConfigurationPlatforms) = preSolution
		Debug|Any CPU = Debug|Any CPU
		Release|Any CPU = Release|Any CPU
	EndGlobalSection
	GlobalSection(ProjectConfigurationPlatforms) = postSolution
		{B4BC1BCA-33E7-433B-8D2A-D53D48220258}.Debug|Any CPU.ActiveCfg = Debug|Any CPU
		{B4BC1BCA-33E7-433B-8D2A-D53D48220258}.Debug|Any CPU.Build.0 = Debug|Any CPU
		{B4BC1BCA-33E7-433B-8D2A-D53D48220258}.Release|Any CPU.ActiveCfg = Release|Any CPU
		{B4BC1BCA-33E7-433B-8D2A-D53D48220258}.Release|Any CPU.Build.0 = Release|Any CPU
	EndGlobalSection
	GlobalSection(SolutionProperties) = preSolution
		HideSolutionNode = FALSE
	EndGlobalSection
	GlobalSection(ExtensibilityGlobals) = postSolution
		SolutionGuid = {47893521-0E7E-443D-9A03-9462E657E1FB}
	EndGlobalSection
EndGlobal
